
Microsoft Visual Studio Solution File, Format Version 12.00
# Visual Studio Version 17
VisualStudioVersion = 17.4.33205.214
MinimumVisualStudioVersion = 10.0.40219.1
Project("{FAE04EC0-301F-11D3-BF4B-00C04F79EFBC}") = "lab 9", "lab 9\lab 9.csproj", "{060FF3E6-B215-46C7-A98B-F7570B71E8A0}"
EndProject
Global
	GlobalSection(SolutionConfigurationPlatforms) = preSolution
		Debug|Any CPU = Debug|Any CPU
		Release|Any CPU = Release|Any CPU
	EndGlobalSection
	GlobalSection(ProjectConfigurationPlatforms) = postSolution
		{060FF3E6-B215-46C7-A98B-F7570B71E8A0}.Debug|Any CPU.ActiveCfg = Debug|Any CPU
		{060FF3E6-B215-46C7-A98B-F7570B71E8A0}.Debug|Any CPU.Build.0 = Debug|Any CPU
		{060FF3E6-B215-46C7-A98B-F7570B71E8A0}.Release|Any CPU.ActiveCfg = Release|Any CPU
		{060FF3E6-B215-46C7-A98B-F7570B71E8A0}.Release|Any CPU.Build.0 = Release|Any CPU
	EndGlobalSection
	GlobalSection(SolutionProperties) = preSolution
		HideSolutionNode = FALSE
	EndGlobalSection
	GlobalSection(ExtensibilityGlobals) = postSolution
		SolutionGuid = {8434AFA2-ED23-4B2D-A216-2AA1A8D8FB78}
	EndGlobalSection
EndGlobal
